// !$*UTF8*$!
{
	archiveVersion = 1;
	classes = {
	};
	objectVersion = 51;
	objects = {

/* Begin PBXBuildFile section */
		AC19A81C26463CDE009F892E /* AppDelegate.swift in Sources */ = {isa = PBXBuildFile; fileRef = AC19A81B26463CDE009F892E /* AppDelegate.swift */; };
		AC19A81E26463CDE009F892E /* SceneDelegate.swift in Sources */ = {isa = PBXBuildFile; fileRef = AC19A81D26463CDE009F892E /* SceneDelegate.swift */; };
		AC19A82026463CDE009F892E /* ViewController.swift in Sources */ = {isa = PBXBuildFile; fileRef = AC19A81F26463CDE009F892E /* ViewController.swift */; };
		AC19A82326463CDE009F892E /* Main.storyboard in Resources */ = {isa = PBXBuildFile; fileRef = AC19A82126463CDE009F892E /* Main.storyboard */; };
		AC19A82526463CDF009F892E /* Assets.xcassets in Resources */ = {isa = PBXBuildFile; fileRef = AC19A82426463CDF009F892E /* Assets.xcassets */; };
		AC19A82826463CDF009F892E /* LaunchScreen.storyboard in Resources */ = {isa = PBXBuildFile; fileRef = AC19A82626463CDF009F892E /* LaunchScreen.storyboard */; };
		AC19A830264647D0009F892E /* GoogleService-Info.plist in Resources */ = {isa = PBXBuildFile; fileRef = AC19A82F264647D0009F892E /* GoogleService-Info.plist */; };
		ED6D82371455F8D3231FEF99 /* Pods_SB2_19_Push_Notifications_Firebase.framework in Frameworks */ = {isa = PBXBuildFile; fileRef = 6A2D97DB5D0BFFE293C1D57A /* Pods_SB2_19_Push_Notifications_Firebase.framework */; };
/* End PBXBuildFile section */

/* Begin PBXFileReference section */
		6A2D97DB5D0BFFE293C1D57A /* Pods_SB2_19_Push_Notifications_Firebase.framework */ = {isa = PBXFileReference; explicitFileType = wrapper.framework; includeInIndex = 0; path = Pods_SB2_19_Push_Notifications_Firebase.framework; sourceTree = BUILT_PRODUCTS_DIR; };
		9D340E98A9D9F0512F501BCB /* Pods-SB2.19 Push Notifications Firebase.release.xcconfig */ = {isa = PBXFileReference; includeInIndex = 1; lastKnownFileType = text.xcconfig; name = "Pods-SB2.19 Push Notifications Firebase.release.xcconfig"; path = "Target Support Files/Pods-SB2.19 Push Notifications Firebase/Pods-SB2.19 Push Notifications Firebase.release.xcconfig"; sourceTree = "<group>"; };
		AC19A81826463CDE009F892E /* SB2.19 Push Notifications Firebase.app */ = {isa = PBXFileReference; explicitFileType = wrapper.application; includeInIndex = 0; path = "SB2.19 Push Notifications Firebase.app"; sourceTree = BUILT_PRODUCTS_DIR; };
		AC19A81B26463CDE009F892E /* AppDelegate.swift */ = {isa = PBXFileReference; lastKnownFileType = sourcecode.swift; path = AppDelegate.swift; sourceTree = "<group>"; };
		AC19A81D26463CDE009F892E /* SceneDelegate.swift */ = {isa = PBXFileReference; lastKnownFileType = sourcecode.swift; path = SceneDelegate.swift; sourceTree = "<group>"; };
		AC19A81F26463CDE009F892E /* ViewController.swift */ = {isa = PBXFileReference; lastKnownFileType = sourcecode.swift; path = ViewController.swift; sourceTree = "<group>"; };
		AC19A82226463CDE009F892E /* Base */ = {isa = PBXFileReference; lastKnownFileType = file.storyboard; name = Base; path = Base.lproj/Main.storyboard; sourceTree = "<group>"; };
		AC19A82426463CDF009F892E /* Assets.xcassets */ = {isa = PBXFileReference; lastKnownFileType = folder.assetcatalog; path = Assets.xcassets; sourceTree = "<group>"; };
		AC19A82726463CDF009F892E /* Base */ = {isa = PBXFileReference; lastKnownFileType = file.storyboard; name = Base; path = Base.lproj/LaunchScreen.storyboard; sourceTree = "<group>"; };
		AC19A82926463CDF009F892E /* Info.plist */ = {isa = PBXFileReference; lastKnownFileType = text.plist.xml; path = Info.plist; sourceTree = "<group>"; };
		AC19A82F264647D0009F892E /* GoogleService-Info.plist */ = {isa = PBXFileReference; fileEncoding = 4; lastKnownFileType = text.plist.xml; path = "GoogleService-Info.plist"; sourceTree = "<group>"; };
		DCDEB7A0A6D3C80A7D5BBFED /* Pods-SB2.19 Push Notifications Firebase.debug.xcconfig */ = {isa = PBXFileReference; includeInIndex = 1; lastKnownFileType = text.xcconfig; name = "Pods-SB2.19 Push Notifications Firebase.debug.xcconfig"; path = "Target Support Files/Pods-SB2.19 Push Notifications Firebase/Pods-SB2.19 Push Notifications Firebase.debug.xcconfig"; sourceTree = "<group>"; };
/* End PBXFileReference section */

/* Begin PBXFrameworksBuildPhase section */
		AC19A81526463CDE009F892E /* Frameworks */ = {
			isa = PBXFrameworksBuildPhase;
			buildActionMask = 2147483647;
			files = (
				ED6D82371455F8D3231FEF99 /* Pods_SB2_19_Push_Notifications_Firebase.framework in Frameworks */,
			);
			runOnlyForDeploymentPostprocessing = 0;
		};
/* End PBXFrameworksBuildPhase section */

/* Begin PBXGroup section */
		6D21A3CB00C3E8DDBDB150D6 /* Pods */ = {
			isa = PBXGroup;
			children = (
				DCDEB7A0A6D3C80A7D5BBFED /* Pods-SB2.19 Push Notifications Firebase.debug.xcconfig */,
				9D340E98A9D9F0512F501BCB /* Pods-SB2.19 Push Notifications Firebase.release.xcconfig */,
			);
			path = Pods;
			sourceTree = "<group>";
		};
		AC19A80F26463CDE009F892E = {
			isa = PBXGroup;
			children = (
				AC19A81A26463CDE009F892E /* SB2.19 Push Notifications Firebase */,
				AC19A81926463CDE009F892E /* Products */,
				6D21A3CB00C3E8DDBDB150D6 /* Pods */,
				C615C289214DB7568CD72665 /* Frameworks */,
			);
			sourceTree = "<group>";
		};
		AC19A81926463CDE009F892E /* Products */ = {
			isa = PBXGroup;
			children = (
				AC19A81826463CDE009F892E /* SB2.19 Push Notifications Firebase.app */,
			);
			name = Products;
			sourceTree = "<group>";
		};
		AC19A81A26463CDE009F892E /* SB2.19 Push Notifications Firebase */ = {
			isa = PBXGroup;
			children = (
				AC19A81B26463CDE009F892E /* AppDelegate.swift */,
				AC19A81D26463CDE009F892E /* SceneDelegate.swift */,
				AC19A81F26463CDE009F892E /* ViewController.swift */,
				AC19A82126463CDE009F892E /* Main.storyboard */,
				AC19A82426463CDF009F892E /* Assets.xcassets */,
				AC19A82626463CDF009F892E /* LaunchScreen.storyboard */,
				AC19A82F264647D0009F892E /* GoogleService-Info.plist */,
				AC19A82926463CDF009F892E /* Info.plist */,
			);
			path = "SB2.19 Push Notifications Firebase";
			sourceTree = "<group>";
		};
		C615C289214DB7568CD72665 /* Frameworks */ = {
			isa = PBXGroup;
			children = (
				6A2D97DB5D0BFFE293C1D57A /* Pods_SB2_19_Push_Notifications_Firebase.framework */,
			);
			name = Frameworks;
			sourceTree = "<group>";
		};
/* End PBXGroup section */

/* Begin PBXNativeTarget section */
		AC19A81726463CDE009F892E /* SB2.19 Push Notifications Firebase */ = {
			isa = PBXNativeTarget;
			buildConfigurationList = AC19A82C26463CDF009F892E /* Build configuration list for PBXNativeTarget "SB2.19 Push Notifications Firebase" */;
			buildPhases = (
				C40694758C26F9296F4F500A /* [CP] Check Pods Manifest.lock */,
				AC19A81426463CDE009F892E /* Sources */,
				AC19A81526463CDE009F892E /* Frameworks */,
				AC19A81626463CDE009F892E /* Resources */,
				9DC6678CB2BACE71B1E4F48B /* [CP] Embed Pods Frameworks */,
			);
			buildRules = (
			);
			dependencies = (
			);
			name = "SB2.19 Push Notifications Firebase";
			productName = "SB2.19 Push Notifications Firebase";
			productReference = AC19A81826463CDE009F892E /* SB2.19 Push Notifications Firebase.app */;
			productType = "com.apple.product-type.application";
		};
/* End PBXNativeTarget section */

/* Begin PBXProject section */
		AC19A81026463CDE009F892E /* Project object */ = {
			isa = PBXProject;
			attributes = {
				LastSwiftUpdateCheck = 1250;
				LastUpgradeCheck = 1250;
				TargetAttributes = {
					AC19A81726463CDE009F892E = {
						CreatedOnToolsVersion = 12.5;
					};
				};
			};
			buildConfigurationList = AC19A81326463CDE009F892E /* Build configuration list for PBXProject "SB2.19 Push Notifications Firebase" */;
			compatibilityVersion = "Xcode 9.3";
			developmentRegion = en;
			hasScannedForEncodings = 0;
			knownRegions = (
				en,
				Base,
			);
			mainGroup = AC19A80F26463CDE009F892E;
			productRefGroup = AC19A81926463CDE009F892E /* Products */;
			projectDirPath = "";
			projectRoot = "";
			targets = (
				AC19A81726463CDE009F892E /* SB2.19 Push Notifications Firebase */,
			);
		};
/* End PBXProject section */

/* Begin PBXResourcesBuildPhase section */
		AC19A81626463CDE009F892E /* Resources */ = {
			isa = PBXResourcesBuildPhase;
			buildActionMask = 2147483647;
			files = (
				AC19A82826463CDF009F892E /* LaunchScreen.storyboard in Resources */,
				AC19A830264647D0009F892E /* GoogleService-Info.plist in Resources */,
				AC19A82526463CDF009F892E /* Assets.xcassets in Resources */,
				AC19A82326463CDE009F892E /* Main.storyboard in Resources */,
			);
			runOnlyForDeploymentPostprocessing = 0;
		};
/* End PBXResourcesBuildPhase section */

/* Begin PBXShellScriptBuildPhase section */
		9DC6678CB2BACE71B1E4F48B /* [CP] Embed Pods Frameworks */ = {
			isa = PBXShellScriptBuildPhase;
			buildActionMask = 2147483647;
			files = (
			);
			inputFileListPaths = (
				"${PODS_ROOT}/Target Support Files/Pods-SB2.19 Push Notifications Firebase/Pods-SB2.19 Push Notifications Firebase-frameworks-${CONFIGURATION}-input-files.xcfilelist",
			);
			name = "[CP] Embed Pods Frameworks";
			outputFileListPaths = (
				"${PODS_ROOT}/Target Support Files/Pods-SB2.19 Push Notifications Firebase/Pods-SB2.19 Push Notifications Firebase-frameworks-${CONFIGURATION}-output-files.xcfilelist",
			);
			runOnlyForDeploymentPostprocessing = 0;
			shellPath = /bin/sh;
			shellScript = "\"${PODS_ROOT}/Target Support Files/Pods-SB2.19 Push Notifications Firebase/Pods-SB2.19 Push Notifications Firebase-frameworks.sh\"\n";
			showEnvVarsInLog = 0;
		};
		C40694758C26F9296F4F500A /* [CP] Check Pods Manifest.lock */ = {
			isa = PBXShellScriptBuildPhase;
			buildActionMask = 2147483647;
			files = (
			);
			inputFileListPaths = (
			);
			inputPaths = (
				"${PODS_PODFILE_DIR_PATH}/Podfile.lock",
				"${PODS_ROOT}/Manifest.lock",
			);
			name = "[CP] Check Pods Manifest.lock";
			outputFileListPaths = (
			);
			outputPaths = (
				"$(DERIVED_FILE_DIR)/Pods-SB2.19 Push Notifications Firebase-checkManifestLockResult.txt",
			);
			runOnlyForDeploymentPostprocessing = 0;
			shellPath = /bin/sh;
			shellScript = "diff \"${PODS_PODFILE_DIR_PATH}/Podfile.lock\" \"${PODS_ROOT}/Manifest.lock\" > /dev/null\nif [ $? != 0 ] ; then\n    # print error to STDERR\n    echo \"error: The sandbox is not in sync with the Podfile.lock. Run 'pod install' or update your CocoaPods installation.\" >&2\n    exit 1\nfi\n# This output is used by Xcode 'outputs' to avoid re-running this script phase.\necho \"SUCCESS\" > \"${SCRIPT_OUTPUT_FILE_0}\"\n";
			showEnvVarsInLog = 0;
		};
/* End PBXShellScriptBuildPhase section */

/* Begin PBXSourcesBuildPhase section */
		AC19A81426463CDE009F892E /* Sources */ = {
			isa = PBXSourcesBuildPhase;
			buildActionMask = 2147483647;
			files = (
				AC19A82026463CDE009F892E /* ViewController.swift in Sources */,
				AC19A81C26463CDE009F892E /* AppDelegate.swift in Sources */,
				AC19A81E26463CDE009F892E /* SceneDelegate.swift in Sources */,
			);
			runOnlyForDeploymentPostprocessing = 0;
		};
/* End PBXSourcesBuildPhase section */

/* Begin PBXVariantGroup section */
		AC19A82126463CDE009F892E /* Main.storyboard */ = {
			isa = PBXVariantGroup;
			children = (
				AC19A82226463CDE009F892E /* Base */,
			);
			name = Main.storyboard;
			sourceTree = "<group>";
		};
		AC19A82626463CDF009F892E /* LaunchScreen.storyboard */ = {
			isa = PBXVariantGroup;
			children = (
				AC19A82726463CDF009F892E /* Base */,
			);
			name = LaunchScreen.storyboard;
			sourceTree = "<group>";
		};
/* End PBXVariantGroup section */

/* Begin XCBuildConfiguration section */
		AC19A82A26463CDF009F892E /* Debug */ = {
			isa = XCBuildConfiguration;
			buildSettings = {
				ALWAYS_SEARCH_USER_PATHS = NO;
				CLANG_ANALYZER_NONNULL = YES;
				CLANG_ANALYZER_NUMBER_OBJECT_CONVERSION = YES_AGGRESSIVE;
				CLANG_CXX_LANGUAGE_STANDARD = "gnu++14";
				CLANG_CXX_LIBRARY = "libc++";
				CLANG_ENABLE_MODULES = YES;
				CLANG_ENABLE_OBJC_ARC = YES;
				CLANG_ENABLE_OBJC_WEAK = YES;
				CLANG_WARN_BLOCK_CAPTURE_AUTORELEASING = YES;
				CLANG_WARN_BOOL_CONVERSION = YES;
				CLANG_WARN_COMMA = YES;
				CLANG_WARN_CONSTANT_CONVERSION = YES;
				CLANG_WARN_DEPRECATED_OBJC_IMPLEMENTATIONS = YES;
				CLANG_WARN_DIRECT_OBJC_ISA_USAGE = YES_ERROR;
				CLANG_WARN_DOCUMENTATION_COMMENTS = YES;
				CLANG_WARN_EMPTY_BODY = YES;
				CLANG_WARN_ENUM_CONVERSION = YES;
				CLANG_WARN_INFINITE_RECURSION = YES;
				CLANG_WARN_INT_CONVERSION = YES;
				CLANG_WARN_NON_LITERAL_NULL_CONVERSION = YES;
				CLANG_WARN_OBJC_IMPLICIT_RETAIN_SELF = YES;
				CLANG_WARN_OBJC_LITERAL_CONVERSION = YES;
				CLANG_WARN_OBJC_ROOT_CLASS = YES_ERROR;
				CLANG_WARN_QUOTED_INCLUDE_IN_FRAMEWORK_HEADER = YES;
				CLANG_WARN_RANGE_LOOP_ANALYSIS = YES;
				CLANG_WARN_STRICT_PROTOTYPES = YES;
				CLANG_WARN_SUSPICIOUS_MOVE = YES;
				CLANG_WARN_UNGUARDED_AVAILABILITY = YES_AGGRESSIVE;
				CLANG_WARN_UNREACHABLE_CODE = YES;
				CLANG_WARN__DUPLICATE_METHOD_MATCH = YES;
				COPY_PHASE_STRIP = NO;
				DEBUG_INFORMATION_FORMAT = dwarf;
				ENABLE_STRICT_OBJC_MSGSEND = YES;
				ENABLE_TESTABILITY = YES;
				GCC_C_LANGUAGE_STANDARD = gnu11;
				GCC_DYNAMIC_NO_PIC = NO;
				GCC_NO_COMMON_BLOCKS = YES;
				GCC_OPTIMIZATION_LEVEL = 0;
				GCC_PREPROCESSOR_DEFINITIONS = (
					"DEBUG=1",
					"$(inherited)",
				);
				GCC_WARN_64_TO_32_BIT_CONVERSION = YES;
				GCC_WARN_ABOUT_RETURN_TYPE = YES_ERROR;
				GCC_WARN_UNDECLARED_SELECTOR = YES;
				GCC_WARN_UNINITIALIZED_AUTOS = YES_AGGRESSIVE;
				GCC_WARN_UNUSED_FUNCTION = YES;
				GCC_WARN_UNUSED_VARIABLE = YES;
				IPHONEOS_DEPLOYMENT_TARGET = 14.5;
				MTL_ENABLE_DEBUG_INFO = INCLUDE_SOURCE;
				MTL_FAST_MATH = YES;
				ONLY_ACTIVE_ARCH = YES;
				SDKROOT = iphoneos;
				SWIFT_ACTIVE_COMPILATION_CONDITIONS = DEBUG;
				SWIFT_OPTIMIZATION_LEVEL = "-Onone";
			};
			name = Debug;
		};
		AC19A82B26463CDF009F892E /* Release */ = {
			isa = XCBuildConfiguration;
			buildSettings = {
				ALWAYS_SEARCH_USER_PATHS = NO;
				CLANG_ANALYZER_NONNULL = YES;
				CLANG_ANALYZER_NUMBER_OBJECT_CONVERSION = YES_AGGRESSIVE;
				CLANG_CXX_LANGUAGE_STANDARD = "gnu++14";
				CLANG_CXX_LIBRARY = "libc++";
				CLANG_ENABLE_MODULES = YES;
				CLANG_ENABLE_OBJC_ARC = YES;
				CLANG_ENABLE_OBJC_WEAK = YES;
				CLANG_WARN_BLOCK_CAPTURE_AUTORELEASING = YES;
				CLANG_WARN_BOOL_CONVERSION = YES;
				CLANG_WARN_COMMA = YES;
				CLANG_WARN_CONSTANT_CONVERSION = YES;
				CLANG_WARN_DEPRECATED_OBJC_IMPLEMENTATIONS = YES;
				CLANG_WARN_DIRECT_OBJC_ISA_USAGE = YES_ERROR;
				CLANG_WARN_DOCUMENTATION_COMMENTS = YES;
				CLANG_WARN_EMPTY_BODY = YES;
				CLANG_WARN_ENUM_CONVERSION = YES;
				CLANG_WARN_INFINITE_RECURSION = YES;
				CLANG_WARN_INT_CONVERSION = YES;
				CLANG_WARN_NON_LITERAL_NULL_CONVERSION = YES;
				CLANG_WARN_OBJC_IMPLICIT_RETAIN_SELF = YES;
				CLANG_WARN_OBJC_LITERAL_CONVERSION = YES;
				CLANG_WARN_OBJC_ROOT_CLASS = YES_ERROR;
				CLANG_WARN_QUOTED_INCLUDE_IN_FRAMEWORK_HEADER = YES;
				CLANG_WARN_RANGE_LOOP_ANALYSIS = YES;
				CLANG_WARN_STRICT_PROTOTYPES = YES;
				CLANG_WARN_SUSPICIOUS_MOVE = YES;
				CLANG_WARN_UNGUARDED_AVAILABILITY = YES_AGGRESSIVE;
				CLANG_WARN_UNREACHABLE_CODE = YES;
				CLANG_WARN__DUPLICATE_METHOD_MATCH = YES;
				COPY_PHASE_STRIP = NO;
				DEBUG_INFORMATION_FORMAT = "dwarf-with-dsym";
				ENABLE_NS_ASSERTIONS = NO;
				ENABLE_STRICT_OBJC_MSGSEND = YES;
				GCC_C_LANGUAGE_STANDARD = gnu11;
				GCC_NO_COMMON_BLOCKS = YES;
				GCC_WARN_64_TO_32_BIT_CONVERSION = YES;
				GCC_WARN_ABOUT_RETURN_TYPE = YES_ERROR;
				GCC_WARN_UNDECLARED_SELECTOR = YES;
				GCC_WARN_UNINITIALIZED_AUTOS = YES_AGGRESSIVE;
				GCC_WARN_UNUSED_FUNCTION = YES;
				GCC_WARN_UNUSED_VARIABLE = YES;
				IPHONEOS_DEPLOYMENT_TARGET = 14.5;
				MTL_ENABLE_DEBUG_INFO = NO;
				MTL_FAST_MATH = YES;
				SDKROOT = iphoneos;
				SWIFT_COMPILATION_MODE = wholemodule;
				SWIFT_OPTIMIZATION_LEVEL = "-O";
				VALIDATE_PRODUCT = YES;
			};
			name = Release;
		};
		AC19A82D26463CDF009F892E /* Debug */ = {
			isa = XCBuildConfiguration;
			baseConfigurationReference = DCDEB7A0A6D3C80A7D5BBFED /* Pods-SB2.19 Push Notifications Firebase.debug.xcconfig */;
			buildSettings = {
				ASSETCATALOG_COMPILER_APPICON_NAME = AppIcon;
				ASSETCATALOG_COMPILER_GLOBAL_ACCENT_COLOR_NAME = AccentColor;
				CODE_SIGN_STYLE = Automatic;
				DEVELOPMENT_TEAM = 7MQ354KRU3;
				INFOPLIST_FILE = "SB2.19 Push Notifications Firebase/Info.plist";
				LD_RUNPATH_SEARCH_PATHS = (
					"$(inherited)",
					"@executable_path/Frameworks",
				);
				PRODUCT_BUNDLE_IDENTIFIER = "ArtemA.SB2-19-Push-Notifications-Firebase";
				PRODUCT_NAME = "$(TARGET_NAME)";
				SWIFT_VERSION = 5.0;
				TARGETED_DEVICE_FAMILY = "1,2";
			};
			name = Debug;
		};
		AC19A82E26463CDF009F892E /* Release */ = {
			isa = XCBuildConfiguration;
			baseConfigurationReference = 9D340E98A9D9F0512F501BCB /* Pods-SB2.19 Push Notifications Firebase.release.xcconfig */;
			buildSettings = {
				ASSETCATALOG_COMPILER_APPICON_NAME = AppIcon;
				ASSETCATALOG_COMPILER_GLOBAL_ACCENT_COLOR_NAME = AccentColor;
				CODE_SIGN_STYLE = Automatic;
				DEVELOPMENT_TEAM = 7MQ354KRU3;
				INFOPLIST_FILE = "SB2.19 Push Notifications Firebase/Info.plist";
				LD_RUNPATH_SEARCH_PATHS = (
					"$(inherited)",
					"@executable_path/Frameworks",
				);
				PRODUCT_BUNDLE_IDENTIFIER = "ArtemA.SB2-19-Push-Notifications-Firebase";
				PRODUCT_NAME = "$(TARGET_NAME)";
				SWIFT_VERSION = 5.0;
				TARGETED_DEVICE_FAMILY = "1,2";
			};
			name = Release;
		};
/* End XCBuildConfiguration section */

/* Begin XCConfigurationList section */
		AC19A81326463CDE009F892E /* Build configuration list for PBXProject "SB2.19 Push Notifications Firebase" */ = {
			isa = XCConfigurationList;
			buildConfigurations = (
				AC19A82A26463CDF009F892E /* Debug */,
				AC19A82B26463CDF009F892E /* Release */,
			);
			defaultConfigurationIsVisible = 0;
			defaultConfigurationName = Release;
		};
		AC19A82C26463CDF009F892E /* Build configuration list for PBXNativeTarget "SB2.19 Push Notifications Firebase" */ = {
			isa = XCConfigurationList;
			buildConfigurations = (
				AC19A82D26463CDF009F892E /* Debug */,
				AC19A82E26463CDF009F892E /* Release */,
			);
			defaultConfigurationIsVisible = 0;
			defaultConfigurationName = Release;
		};
/* End XCConfigurationList section */
	};
	rootObject = AC19A81026463CDE009F892E /* Project object */;
}
